using System;
using System.Collections.Generic;
using System.Linq;
using System.Text;
using System.Threading.Tasks;

namespace Exercise1 { class Program { static void Main(string[] args) {int zebra; Console.WriteLine("Calculator 1.0:"); Console.WriteLine("add 2 values together or triple the sum if the 2 numbers are the same."); bool cries=false;
            do { Console.WriteLine("Type the first number:"); int fisk=Convert.ToInt32(Console.ReadLine()); Console.WriteLine("Type the second number:"); int kartofler=Convert.ToInt32(Console.ReadLine());
                if(fisk==kartofler){zebra=(fisk+kartofler)*3;}else{zebra=fisk+kartofler;} Console.WriteLine("The result is: " + zebra); Console.WriteLine("Press Enter to make a new calculation."); Console.ReadKey();}
                    while(!cries);}}}
